{
  "requires": true,
  "lockfileVersion": 1,
  "dependencies": {
    "now": {
      "version": "15.6.2",
      "resolved": "https://registry.npmjs.org/now/-/now-15.6.2.tgz",
      "integrity": "sha512-yU7yIcSI6PcMjdjx2M4YtewT0jF3dj6Q1t0qP3c74F+ZjMQwazB0Wq6R+To3qf9Qp4VvRLqY1qGVZXZ6qeVT+Q=="
    }
  }
}
